// !$*UTF8*$!
{
	archiveVersion = 1;
	classes = {
	};
	objectVersion = 46;
	objects = {

/* Begin PBXBuildFile section */
		CE28F5A719DE7CE400128817 /* card_database.sqlite in Resources */ = {isa = PBXBuildFile; fileRef = CE28F5A619DE7CE400128817 /* card_database.sqlite */; };
		CE2F24241A3192A0004CF8CA /* tick.png in Resources */ = {isa = PBXBuildFile; fileRef = CE2F24221A3192A0004CF8CA /* tick.png */; };
		CE2F24251A3192A0004CF8CA /* x-mark.png in Resources */ = {isa = PBXBuildFile; fileRef = CE2F24231A3192A0004CF8CA /* x-mark.png */; };
		CE2F24271A319947004CF8CA /* flipBtn.png in Resources */ = {isa = PBXBuildFile; fileRef = CE2F24261A319947004CF8CA /* flipBtn.png */; };
		CE2F24291A319EC3004CF8CA /* QuartzCore.framework in Frameworks */ = {isa = PBXBuildFile; fileRef = CE2F24281A319EC3004CF8CA /* QuartzCore.framework */; };
		CE2F242B1A31A2E4004CF8CA /* Images.xcassets in Resources */ = {isa = PBXBuildFile; fileRef = CE2F242A1A31A2E4004CF8CA /* Images.xcassets */; };
		CE2F24351A31A555004CF8CA /* TimeSettingViewController.m in Sources */ = {isa = PBXBuildFile; fileRef = CE2F24331A31A555004CF8CA /* TimeSettingViewController.m */; };
		CE2F24361A31A555004CF8CA /* TimeSettingViewController.xib in Resources */ = {isa = PBXBuildFile; fileRef = CE2F24341A31A555004CF8CA /* TimeSettingViewController.xib */; };
		CE541E1319D65FA300434B6A /* UIKit.framework in Frameworks */ = {isa = PBXBuildFile; fileRef = CE541E1219D65FA300434B6A /* UIKit.framework */; };
		CE541E1519D65FA300434B6A /* Foundation.framework in Frameworks */ = {isa = PBXBuildFile; fileRef = CE541E1419D65FA300434B6A /* Foundation.framework */; };
		CE541E1719D65FA300434B6A /* CoreGraphics.framework in Frameworks */ = {isa = PBXBuildFile; fileRef = CE541E1619D65FA300434B6A /* CoreGraphics.framework */; };
		CE541E1D19D65FA300434B6A /* InfoPlist.strings in Resources */ = {isa = PBXBuildFile; fileRef = CE541E1B19D65FA300434B6A /* InfoPlist.strings */; };
		CE541E1F19D65FA300434B6A /* main.m in Sources */ = {isa = PBXBuildFile; fileRef = CE541E1E19D65FA300434B6A /* main.m */; };
		CE541E2319D65FA300434B6A /* AppDelegate.m in Sources */ = {isa = PBXBuildFile; fileRef = CE541E2219D65FA300434B6A /* AppDelegate.m */; };
		CE541E2519D65FA300434B6A /* Default.png in Resources */ = {isa = PBXBuildFile; fileRef = CE541E2419D65FA300434B6A /* Default.png */; };
		CE541E2719D65FA300434B6A /* Default@2x.png in Resources */ = {isa = PBXBuildFile; fileRef = CE541E2619D65FA300434B6A /* Default@2x.png */; };
		CE541E2919D65FA300434B6A /* Default-568h@2x.png in Resources */ = {isa = PBXBuildFile; fileRef = CE541E2819D65FA300434B6A /* Default-568h@2x.png */; };
		CE541E2C19D65FA300434B6A /* ViewController.m in Sources */ = {isa = PBXBuildFile; fileRef = CE541E2B19D65FA300434B6A /* ViewController.m */; };
		CE541E2F19D65FA300434B6A /* ViewController.xib in Resources */ = {isa = PBXBuildFile; fileRef = CE541E2D19D65FA300434B6A /* ViewController.xib */; };
		CE541E3719D65FA400434B6A /* SenTestingKit.framework in Frameworks */ = {isa = PBXBuildFile; fileRef = CE541E3619D65FA400434B6A /* SenTestingKit.framework */; };
		CE541E3819D65FA400434B6A /* UIKit.framework in Frameworks */ = {isa = PBXBuildFile; fileRef = CE541E1219D65FA300434B6A /* UIKit.framework */; };
		CE541E3919D65FA400434B6A /* Foundation.framework in Frameworks */ = {isa = PBXBuildFile; fileRef = CE541E1419D65FA300434B6A /* Foundation.framework */; };
		CE541E4119D65FA400434B6A /* InfoPlist.strings in Resources */ = {isa = PBXBuildFile; fileRef = CE541E3F19D65FA400434B6A /* InfoPlist.strings */; };
		CE541E4419D65FA400434B6A /* GoiCardTests.m in Sources */ = {isa = PBXBuildFile; fileRef = CE541E4319D65FA400434B6A /* GoiCardTests.m */; };
		CE541E5019D660C100434B6A /* Card.m in Sources */ = {isa = PBXBuildFile; fileRef = CE541E4F19D660C100434B6A /* Card.m */; };
		CE541E5619D6615D00434B6A /* MainMenuViewController.m in Sources */ = {isa = PBXBuildFile; fileRef = CE541E5419D6615D00434B6A /* MainMenuViewController.m */; };
		CE541E5719D6615D00434B6A /* MainMenuViewController.xib in Resources */ = {isa = PBXBuildFile; fileRef = CE541E5519D6615D00434B6A /* MainMenuViewController.xib */; };
		CE541E5B19D661AE00434B6A /* DBManager.m in Sources */ = {isa = PBXBuildFile; fileRef = CE541E5A19D661AE00434B6A /* DBManager.m */; };
		CE541E6B19D6663F00434B6A /* AddCardViewController.m in Sources */ = {isa = PBXBuildFile; fileRef = CE541E6919D6663F00434B6A /* AddCardViewController.m */; };
		CE541E6C19D6663F00434B6A /* AddCardViewController.xib in Resources */ = {isa = PBXBuildFile; fileRef = CE541E6A19D6663F00434B6A /* AddCardViewController.xib */; };
		CEAF51CB19D94228000CFCDF /* libsqlite3.0.dylib in Frameworks */ = {isa = PBXBuildFile; fileRef = CEAF51CA19D94228000CFCDF /* libsqlite3.0.dylib */; };
		CEAF51D019D94519000CFCDF /* sc_flip.png in Resources */ = {isa = PBXBuildFile; fileRef = CEAF51CE19D94519000CFCDF /* sc_flip.png */; };
		CEAF51D119D94519000CFCDF /* sc_flip@2x.png in Resources */ = {isa = PBXBuildFile; fileRef = CEAF51CF19D94519000CFCDF /* sc_flip@2x.png */; };
		CEAF51D519D94989000CFCDF /* StudyCardViewController.m in Sources */ = {isa = PBXBuildFile; fileRef = CEAF51D319D94989000CFCDF /* StudyCardViewController.m */; };
		CEAF51D619D94989000CFCDF /* StudyCardViewController.xib in Resources */ = {isa = PBXBuildFile; fileRef = CEAF51D419D94989000CFCDF /* StudyCardViewController.xib */; };
		CEAF51D819D951E8000CFCDF /* forget.png in Resources */ = {isa = PBXBuildFile; fileRef = CEAF51D719D951E8000CFCDF /* forget.png */; };
		CEAF51DA19D95533000CFCDF /* setting.png in Resources */ = {isa = PBXBuildFile; fileRef = CEAF51D919D95533000CFCDF /* setting.png */; };
		CEAF51DE19D955FF000CFCDF /* SettingViewController.m in Sources */ = {isa = PBXBuildFile; fileRef = CEAF51DC19D955FF000CFCDF /* SettingViewController.m */; };
		CEAF51DF19D955FF000CFCDF /* SettingViewController.xib in Resources */ = {isa = PBXBuildFile; fileRef = CEAF51DD19D955FF000CFCDF /* SettingViewController.xib */; };
		CEAF51E119D95906000CFCDF /* back.png in Resources */ = {isa = PBXBuildFile; fileRef = CEAF51E019D95906000CFCDF /* back.png */; };
		CEB8ED0119EF743F0015D054 /* ListWordViewController.m in Sources */ = {isa = PBXBuildFile; fileRef = CEB8ECFF19EF743F0015D054 /* ListWordViewController.m */; };
		CEB8ED0219EF743F0015D054 /* ListWordViewController.xib in Resources */ = {isa = PBXBuildFile; fileRef = CEB8ED0019EF743F0015D054 /* ListWordViewController.xib */; };
/* End PBXBuildFile section */

/* Begin PBXContainerItemProxy section */
		CE541E3A19D65FA400434B6A /* PBXContainerItemProxy */ = {
			isa = PBXContainerItemProxy;
			containerPortal = CE541E0719D65FA300434B6A /* Project object */;
			proxyType = 1;
			remoteGlobalIDString = CE541E0E19D65FA300434B6A;
			remoteInfo = GoiCard;
		};
/* End PBXContainerItemProxy section */

/* Begin PBXFileReference section */
		CE28F5A619DE7CE400128817 /* card_database.sqlite */ = {isa = PBXFileReference; lastKnownFileType = file; name = card_database.sqlite; path = DBManager/card_database.sqlite; sourceTree = "<group>"; };
		CE2F24211A3189AB004CF8CA /* Constant.h */ = {isa = PBXFileReference; lastKnownFileType = sourcecode.c.h; name = Constant.h; path = Constant/Constant.h; sourceTree = "<group>"; };
		CE2F24221A3192A0004CF8CA /* tick.png */ = {isa = PBXFileReference; lastKnownFileType = image.png; name = tick.png; path = images/tick.png; sourceTree = "<group>"; };
		CE2F24231A3192A0004CF8CA /* x-mark.png */ = {isa = PBXFileReference; lastKnownFileType = image.png; name = "x-mark.png"; path = "images/x-mark.png"; sourceTree = "<group>"; };
		CE2F24261A319947004CF8CA /* flipBtn.png */ = {isa = PBXFileReference; lastKnownFileType = image.png; name = flipBtn.png; path = images/flipBtn.png; sourceTree = "<group>"; };
		CE2F24281A319EC3004CF8CA /* QuartzCore.framework */ = {isa = PBXFileReference; lastKnownFileType = wrapper.framework; name = QuartzCore.framework; path = System/Library/Frameworks/QuartzCore.framework; sourceTree = SDKROOT; };
		CE2F242A1A31A2E4004CF8CA /* Images.xcassets */ = {isa = PBXFileReference; lastKnownFileType = folder.assetcatalog; path = Images.xcassets; sourceTree = "<group>"; };
		CE2F24321A31A555004CF8CA /* TimeSettingViewController.h */ = {isa = PBXFileReference; fileEncoding = 4; lastKnownFileType = sourcecode.c.h; name = TimeSettingViewController.h; path = Controller/TimeSettingViewController.h; sourceTree = "<group>"; };
		CE2F24331A31A555004CF8CA /* TimeSettingViewController.m */ = {isa = PBXFileReference; fileEncoding = 4; lastKnownFileType = sourcecode.c.objc; name = TimeSettingViewController.m; path = Controller/TimeSettingViewController.m; sourceTree = "<group>"; };
		CE2F24341A31A555004CF8CA /* TimeSettingViewController.xib */ = {isa = PBXFileReference; fileEncoding = 4; lastKnownFileType = file.xib; name = TimeSettingViewController.xib; path = Controller/TimeSettingViewController.xib; sourceTree = "<group>"; };
		CE541E0F19D65FA300434B6A /* GoiCard.app */ = {isa = PBXFileReference; explicitFileType = wrapper.application; includeInIndex = 0; path = GoiCard.app; sourceTree = BUILT_PRODUCTS_DIR; };
		CE541E1219D65FA300434B6A /* UIKit.framework */ = {isa = PBXFileReference; lastKnownFileType = wrapper.framework; name = UIKit.framework; path = System/Library/Frameworks/UIKit.framework; sourceTree = SDKROOT; };
		CE541E1419D65FA300434B6A /* Foundation.framework */ = {isa = PBXFileReference; lastKnownFileType = wrapper.framework; name = Foundation.framework; path = System/Library/Frameworks/Foundation.framework; sourceTree = SDKROOT; };
		CE541E1619D65FA300434B6A /* CoreGraphics.framework */ = {isa = PBXFileReference; lastKnownFileType = wrapper.framework; name = CoreGraphics.framework; path = System/Library/Frameworks/CoreGraphics.framework; sourceTree = SDKROOT; };
		CE541E1A19D65FA300434B6A /* GoiCard-Info.plist */ = {isa = PBXFileReference; lastKnownFileType = text.plist.xml; path = "GoiCard-Info.plist"; sourceTree = "<group>"; };
		CE541E1C19D65FA300434B6A /* en */ = {isa = PBXFileReference; lastKnownFileType = text.plist.strings; name = en; path = en.lproj/InfoPlist.strings; sourceTree = "<group>"; };
		CE541E1E19D65FA300434B6A /* main.m */ = {isa = PBXFileReference; lastKnownFileType = sourcecode.c.objc; path = main.m; sourceTree = "<group>"; };
		CE541E2019D65FA300434B6A /* GoiCard-Prefix.pch */ = {isa = PBXFileReference; lastKnownFileType = sourcecode.c.h; path = "GoiCard-Prefix.pch"; sourceTree = "<group>"; };
		CE541E2119D65FA300434B6A /* AppDelegate.h */ = {isa = PBXFileReference; lastKnownFileType = sourcecode.c.h; path = AppDelegate.h; sourceTree = "<group>"; };
		CE541E2219D65FA300434B6A /* AppDelegate.m */ = {isa = PBXFileReference; lastKnownFileType = sourcecode.c.objc; path = AppDelegate.m; sourceTree = "<group>"; };
		CE541E2419D65FA300434B6A /* Default.png */ = {isa = PBXFileReference; lastKnownFileType = image.png; path = Default.png; sourceTree = "<group>"; };
		CE541E2619D65FA300434B6A /* Default@2x.png */ = {isa = PBXFileReference; lastKnownFileType = image.png; path = "Default@2x.png"; sourceTree = "<group>"; };
		CE541E2819D65FA300434B6A /* Default-568h@2x.png */ = {isa = PBXFileReference; lastKnownFileType = image.png; path = "Default-568h@2x.png"; sourceTree = "<group>"; };
		CE541E2A19D65FA300434B6A /* ViewController.h */ = {isa = PBXFileReference; lastKnownFileType = sourcecode.c.h; path = ViewController.h; sourceTree = "<group>"; };
		CE541E2B19D65FA300434B6A /* ViewController.m */ = {isa = PBXFileReference; lastKnownFileType = sourcecode.c.objc; path = ViewController.m; sourceTree = "<group>"; };
		CE541E2E19D65FA300434B6A /* en */ = {isa = PBXFileReference; lastKnownFileType = file.xib; name = en; path = en.lproj/ViewController.xib; sourceTree = "<group>"; };
		CE541E3519D65FA400434B6A /* GoiCardTests.octest */ = {isa = PBXFileReference; explicitFileType = wrapper.cfbundle; includeInIndex = 0; path = GoiCardTests.octest; sourceTree = BUILT_PRODUCTS_DIR; };
		CE541E3619D65FA400434B6A /* SenTestingKit.framework */ = {isa = PBXFileReference; lastKnownFileType = wrapper.framework; name = SenTestingKit.framework; path = Library/Frameworks/SenTestingKit.framework; sourceTree = DEVELOPER_DIR; };
		CE541E3E19D65FA400434B6A /* GoiCardTests-Info.plist */ = {isa = PBXFileReference; lastKnownFileType = text.plist.xml; path = "GoiCardTests-Info.plist"; sourceTree = "<group>"; };
		CE541E4019D65FA400434B6A /* en */ = {isa = PBXFileReference; lastKnownFileType = text.plist.strings; name = en; path = en.lproj/InfoPlist.strings; sourceTree = "<group>"; };
		CE541E4219D65FA400434B6A /* GoiCardTests.h */ = {isa = PBXFileReference; lastKnownFileType = sourcecode.c.h; path = GoiCardTests.h; sourceTree = "<group>"; };
		CE541E4319D65FA400434B6A /* GoiCardTests.m */ = {isa = PBXFileReference; lastKnownFileType = sourcecode.c.objc; path = GoiCardTests.m; sourceTree = "<group>"; };
		CE541E4E19D660C100434B6A /* Card.h */ = {isa = PBXFileReference; fileEncoding = 4; lastKnownFileType = sourcecode.c.h; name = Card.h; path = Model/Card.h; sourceTree = "<group>"; };
		CE541E4F19D660C100434B6A /* Card.m */ = {isa = PBXFileReference; fileEncoding = 4; lastKnownFileType = sourcecode.c.objc; name = Card.m; path = Model/Card.m; sourceTree = "<group>"; };
		CE541E5319D6615D00434B6A /* MainMenuViewController.h */ = {isa = PBXFileReference; fileEncoding = 4; lastKnownFileType = sourcecode.c.h; name = MainMenuViewController.h; path = Controller/MainMenuViewController.h; sourceTree = "<group>"; };
		CE541E5419D6615D00434B6A /* MainMenuViewController.m */ = {isa = PBXFileReference; fileEncoding = 4; lastKnownFileType = sourcecode.c.objc; name = MainMenuViewController.m; path = Controller/MainMenuViewController.m; sourceTree = "<group>"; };
		CE541E5519D6615D00434B6A /* MainMenuViewController.xib */ = {isa = PBXFileReference; fileEncoding = 4; lastKnownFileType = file.xib; name = MainMenuViewController.xib; path = Controller/MainMenuViewController.xib; sourceTree = "<group>"; };
		CE541E5919D661AE00434B6A /* DBManager.h */ = {isa = PBXFileReference; fileEncoding = 4; lastKnownFileType = sourcecode.c.h; name = DBManager.h; path = DBManager/DBManager.h; sourceTree = "<group>"; };
		CE541E5A19D661AE00434B6A /* DBManager.m */ = {isa = PBXFileReference; fileEncoding = 4; lastKnownFileType = sourcecode.c.objc; lineEnding = 0; name = DBManager.m; path = DBManager/DBManager.m; sourceTree = "<group>"; };
		CE541E6819D6663F00434B6A /* AddCardViewController.h */ = {isa = PBXFileReference; fileEncoding = 4; lastKnownFileType = sourcecode.c.h; name = AddCardViewController.h; path = Controller/AddCardViewController.h; sourceTree = "<group>"; };
		CE541E6919D6663F00434B6A /* AddCardViewController.m */ = {isa = PBXFileReference; fileEncoding = 4; lastKnownFileType = sourcecode.c.objc; name = AddCardViewController.m; path = Controller/AddCardViewController.m; sourceTree = "<group>"; };
		CE541E6A19D6663F00434B6A /* AddCardViewController.xib */ = {isa = PBXFileReference; fileEncoding = 4; lastKnownFileType = file.xib; name = AddCardViewController.xib; path = Controller/AddCardViewController.xib; sourceTree = "<group>"; };
		CEAF51CA19D94228000CFCDF /* libsqlite3.0.dylib */ = {isa = PBXFileReference; lastKnownFileType = "compiled.mach-o.dylib"; name = libsqlite3.0.dylib; path = usr/lib/libsqlite3.0.dylib; sourceTree = SDKROOT; };
		CEAF51CE19D94519000CFCDF /* sc_flip.png */ = {isa = PBXFileReference; lastKnownFileType = image.png; name = sc_flip.png; path = images/sc_flip.png; sourceTree = "<group>"; };
		CEAF51CF19D94519000CFCDF /* sc_flip@2x.png */ = {isa = PBXFileReference; lastKnownFileType = image.png; name = "sc_flip@2x.png"; path = "images/sc_flip@2x.png"; sourceTree = "<group>"; };
		CEAF51D219D94989000CFCDF /* StudyCardViewController.h */ = {isa = PBXFileReference; fileEncoding = 4; lastKnownFileType = sourcecode.c.h; name = StudyCardViewController.h; path = Controller/StudyCardViewController.h; sourceTree = "<group>"; };
		CEAF51D319D94989000CFCDF /* StudyCardViewController.m */ = {isa = PBXFileReference; fileEncoding = 4; lastKnownFileType = sourcecode.c.objc; name = StudyCardViewController.m; path = Controller/StudyCardViewController.m; sourceTree = "<group>"; };
		CEAF51D419D94989000CFCDF /* StudyCardViewController.xib */ = {isa = PBXFileReference; fileEncoding = 4; lastKnownFileType = file.xib; name = StudyCardViewController.xib; path = Controller/StudyCardViewController.xib; sourceTree = "<group>"; };
		CEAF51D719D951E8000CFCDF /* forget.png */ = {isa = PBXFileReference; lastKnownFileType = image.png; name = forget.png; path = images/forget.png; sourceTree = "<group>"; };
		CEAF51D919D95533000CFCDF /* setting.png */ = {isa = PBXFileReference; lastKnownFileType = image.png; name = setting.png; path = images/setting.png; sourceTree = "<group>"; };
		CEAF51DB19D955FF000CFCDF /* SettingViewController.h */ = {isa = PBXFileReference; fileEncoding = 4; lastKnownFileType = sourcecode.c.h; name = SettingViewController.h; path = Controller/SettingViewController.h; sourceTree = "<group>"; };
		CEAF51DC19D955FF000CFCDF /* SettingViewController.m */ = {isa = PBXFileReference; fileEncoding = 4; lastKnownFileType = sourcecode.c.objc; name = SettingViewController.m; path = Controller/SettingViewController.m; sourceTree = "<group>"; };
		CEAF51DD19D955FF000CFCDF /* SettingViewController.xib */ = {isa = PBXFileReference; fileEncoding = 4; lastKnownFileType = file.xib; name = SettingViewController.xib; path = Controller/SettingViewController.xib; sourceTree = "<group>"; };
		CEAF51E019D95906000CFCDF /* back.png */ = {isa = PBXFileReference; lastKnownFileType = image.png; name = back.png; path = images/back.png; sourceTree = "<group>"; };
		CEB8ECFE19EF743F0015D054 /* ListWordViewController.h */ = {isa = PBXFileReference; fileEncoding = 4; lastKnownFileType = sourcecode.c.h; name = ListWordViewController.h; path = Controller/ListWordViewController.h; sourceTree = "<group>"; };
		CEB8ECFF19EF743F0015D054 /* ListWordViewController.m */ = {isa = PBXFileReference; fileEncoding = 4; lastKnownFileType = sourcecode.c.objc; name = ListWordViewController.m; path = Controller/ListWordViewController.m; sourceTree = "<group>"; };
		CEB8ED0019EF743F0015D054 /* ListWordViewController.xib */ = {isa = PBXFileReference; fileEncoding = 4; lastKnownFileType = file.xib; name = ListWordViewController.xib; path = Controller/ListWordViewController.xib; sourceTree = "<group>"; };
/* End PBXFileReference section */

/* Begin PBXFrameworksBuildPhase section */
		CE541E0C19D65FA300434B6A /* Frameworks */ = {
			isa = PBXFrameworksBuildPhase;
			buildActionMask = 2147483647;
			files = (
				CE2F24291A319EC3004CF8CA /* QuartzCore.framework in Frameworks */,
				CEAF51CB19D94228000CFCDF /* libsqlite3.0.dylib in Frameworks */,
				CE541E1319D65FA300434B6A /* UIKit.framework in Frameworks */,
				CE541E1519D65FA300434B6A /* Foundation.framework in Frameworks */,
				CE541E1719D65FA300434B6A /* CoreGraphics.framework in Frameworks */,
			);
			runOnlyForDeploymentPostprocessing = 0;
		};
		CE541E3119D65FA400434B6A /* Frameworks */ = {
			isa = PBXFrameworksBuildPhase;
			buildActionMask = 2147483647;
			files = (
				CE541E3719D65FA400434B6A /* SenTestingKit.framework in Frameworks */,
				CE541E3819D65FA400434B6A /* UIKit.framework in Frameworks */,
				CE541E3919D65FA400434B6A /* Foundation.framework in Frameworks */,
			);
			runOnlyForDeploymentPostprocessing = 0;
		};
/* End PBXFrameworksBuildPhase section */

/* Begin PBXGroup section */
		CE541E0619D65FA200434B6A = {
			isa = PBXGroup;
			children = (
				CE541E1819D65FA300434B6A /* GoiCard */,
				CE541E3C19D65FA400434B6A /* GoiCardTests */,
				CE541E1119D65FA300434B6A /* Frameworks */,
				CE541E1019D65FA300434B6A /* Products */,
			);
			sourceTree = "<group>";
		};
		CE541E1019D65FA300434B6A /* Products */ = {
			isa = PBXGroup;
			children = (
				CE541E0F19D65FA300434B6A /* GoiCard.app */,
				CE541E3519D65FA400434B6A /* GoiCardTests.octest */,
			);
			name = Products;
			sourceTree = "<group>";
		};
		CE541E1119D65FA300434B6A /* Frameworks */ = {
			isa = PBXGroup;
			children = (
				CE2F24281A319EC3004CF8CA /* QuartzCore.framework */,
				CEAF51CA19D94228000CFCDF /* libsqlite3.0.dylib */,
				CE541E1219D65FA300434B6A /* UIKit.framework */,
				CE541E1419D65FA300434B6A /* Foundation.framework */,
				CE541E1619D65FA300434B6A /* CoreGraphics.framework */,
				CE541E3619D65FA400434B6A /* SenTestingKit.framework */,
			);
			name = Frameworks;
			sourceTree = "<group>";
		};
		CE541E1819D65FA300434B6A /* GoiCard */ = {
			isa = PBXGroup;
			children = (
				CEAF51CC19D944F5000CFCDF /* Resources */,
				CE541E5D19D661FD00434B6A /* Global */,
				CE541E5C19D661D900434B6A /* Libs */,
				CE541E5819D6618700434B6A /* DBManager */,
				CE541E5219D660F900434B6A /* Controller */,
				CE541E5119D660D500434B6A /* Views */,
				CE541E4D19D6600400434B6A /* Model */,
				CE541E2119D65FA300434B6A /* AppDelegate.h */,
				CE541E2219D65FA300434B6A /* AppDelegate.m */,
				CE541E2A19D65FA300434B6A /* ViewController.h */,
				CE541E2B19D65FA300434B6A /* ViewController.m */,
				CE541E2D19D65FA300434B6A /* ViewController.xib */,
				CE2F242A1A31A2E4004CF8CA /* Images.xcassets */,
				CE541E1919D65FA300434B6A /* Supporting Files */,
			);
			path = GoiCard;
			sourceTree = "<group>";
		};
		CE541E1919D65FA300434B6A /* Supporting Files */ = {
			isa = PBXGroup;
			children = (
				CE541E1A19D65FA300434B6A /* GoiCard-Info.plist */,
				CE541E1B19D65FA300434B6A /* InfoPlist.strings */,
				CE541E1E19D65FA300434B6A /* main.m */,
				CE541E2019D65FA300434B6A /* GoiCard-Prefix.pch */,
				CE541E2419D65FA300434B6A /* Default.png */,
				CE541E2619D65FA300434B6A /* Default@2x.png */,
				CE541E2819D65FA300434B6A /* Default-568h@2x.png */,
			);
			name = "Supporting Files";
			sourceTree = "<group>";
		};
		CE541E3C19D65FA400434B6A /* GoiCardTests */ = {
			isa = PBXGroup;
			children = (
				CE541E4219D65FA400434B6A /* GoiCardTests.h */,
				CE541E4319D65FA400434B6A /* GoiCardTests.m */,
				CE541E3D19D65FA400434B6A /* Supporting Files */,
			);
			path = GoiCardTests;
			sourceTree = "<group>";
		};
		CE541E3D19D65FA400434B6A /* Supporting Files */ = {
			isa = PBXGroup;
			children = (
				CE541E3E19D65FA400434B6A /* GoiCardTests-Info.plist */,
				CE541E3F19D65FA400434B6A /* InfoPlist.strings */,
			);
			name = "Supporting Files";
			sourceTree = "<group>";
		};
		CE541E4D19D6600400434B6A /* Model */ = {
			isa = PBXGroup;
			children = (
				CE541E4E19D660C100434B6A /* Card.h */,
				CE541E4F19D660C100434B6A /* Card.m */,
			);
			name = Model;
			sourceTree = "<group>";
		};
		CE541E5119D660D500434B6A /* Views */ = {
			isa = PBXGroup;
			children = (
			);
			name = Views;
			sourceTree = "<group>";
		};
		CE541E5219D660F900434B6A /* Controller */ = {
			isa = PBXGroup;
			children = (
				CE541E5319D6615D00434B6A /* MainMenuViewController.h */,
				CE541E5419D6615D00434B6A /* MainMenuViewController.m */,
				CE541E5519D6615D00434B6A /* MainMenuViewController.xib */,
				CE541E6819D6663F00434B6A /* AddCardViewController.h */,
				CE541E6919D6663F00434B6A /* AddCardViewController.m */,
				CE541E6A19D6663F00434B6A /* AddCardViewController.xib */,
				CEAF51D219D94989000CFCDF /* StudyCardViewController.h */,
				CEAF51D319D94989000CFCDF /* StudyCardViewController.m */,
				CEAF51D419D94989000CFCDF /* StudyCardViewController.xib */,
				CEAF51DB19D955FF000CFCDF /* SettingViewController.h */,
				CEAF51DC19D955FF000CFCDF /* SettingViewController.m */,
				CEAF51DD19D955FF000CFCDF /* SettingViewController.xib */,
				CEB8ECFE19EF743F0015D054 /* ListWordViewController.h */,
				CEB8ECFF19EF743F0015D054 /* ListWordViewController.m */,
				CEB8ED0019EF743F0015D054 /* ListWordViewController.xib */,
				CE2F24321A31A555004CF8CA /* TimeSettingViewController.h */,
				CE2F24331A31A555004CF8CA /* TimeSettingViewController.m */,
				CE2F24341A31A555004CF8CA /* TimeSettingViewController.xib */,
			);
			name = Controller;
			sourceTree = "<group>";
		};
		CE541E5819D6618700434B6A /* DBManager */ = {
			isa = PBXGroup;
			children = (
				CE28F5A619DE7CE400128817 /* card_database.sqlite */,
				CE541E5919D661AE00434B6A /* DBManager.h */,
				CE541E5A19D661AE00434B6A /* DBManager.m */,
			);
			name = DBManager;
			sourceTree = "<group>";
		};
		CE541E5C19D661D900434B6A /* Libs */ = {
			isa = PBXGroup;
			children = (
			);
			name = Libs;
			sourceTree = "<group>";
		};
		CE541E5D19D661FD00434B6A /* Global */ = {
			isa = PBXGroup;
			children = (
				CE2F24211A3189AB004CF8CA /* Constant.h */,
			);
			name = Global;
			sourceTree = "<group>";
		};
		CEAF51CC19D944F5000CFCDF /* Resources */ = {
			isa = PBXGroup;
			children = (
				CEAF51CD19D944FB000CFCDF /* images */,
			);
			path = Resources;
			sourceTree = "<group>";
		};
		CEAF51CD19D944FB000CFCDF /* images */ = {
			isa = PBXGroup;
			children = (
				CE2F24261A319947004CF8CA /* flipBtn.png */,
				CE2F24221A3192A0004CF8CA /* tick.png */,
				CE2F24231A3192A0004CF8CA /* x-mark.png */,
				CEAF51E019D95906000CFCDF /* back.png */,
				CEAF51D919D95533000CFCDF /* setting.png */,
				CEAF51D719D951E8000CFCDF /* forget.png */,
				CEAF51CE19D94519000CFCDF /* sc_flip.png */,
				CEAF51CF19D94519000CFCDF /* sc_flip@2x.png */,
			);
			name = images;
			sourceTree = "<group>";
		};
/* End PBXGroup section */

/* Begin PBXNativeTarget section */
		CE541E0E19D65FA300434B6A /* GoiCard */ = {
			isa = PBXNativeTarget;
			buildConfigurationList = CE541E4719D65FA400434B6A /* Build configuration list for PBXNativeTarget "GoiCard" */;
			buildPhases = (
				CE541E0B19D65FA300434B6A /* Sources */,
				CE541E0C19D65FA300434B6A /* Frameworks */,
				CE541E0D19D65FA300434B6A /* Resources */,
			);
			buildRules = (
			);
			dependencies = (
			);
			name = GoiCard;
			productName = GoiCard;
			productReference = CE541E0F19D65FA300434B6A /* GoiCard.app */;
			productType = "com.apple.product-type.application";
		};
		CE541E3419D65FA400434B6A /* GoiCardTests */ = {
			isa = PBXNativeTarget;
			buildConfigurationList = CE541E4A19D65FA400434B6A /* Build configuration list for PBXNativeTarget "GoiCardTests" */;
			buildPhases = (
				CE541E3019D65FA400434B6A /* Sources */,
				CE541E3119D65FA400434B6A /* Frameworks */,
				CE541E3219D65FA400434B6A /* Resources */,
				CE541E3319D65FA400434B6A /* ShellScript */,
			);
			buildRules = (
			);
			dependencies = (
				CE541E3B19D65FA400434B6A /* PBXTargetDependency */,
			);
			name = GoiCardTests;
			productName = GoiCardTests;
			productReference = CE541E3519D65FA400434B6A /* GoiCardTests.octest */;
			productType = "com.apple.product-type.bundle.ocunit-test";
		};
/* End PBXNativeTarget section */

/* Begin PBXProject section */
		CE541E0719D65FA300434B6A /* Project object */ = {
			isa = PBXProject;
			attributes = {
				LastUpgradeCheck = 0460;
				ORGANIZATIONNAME = thangnh;
				TargetAttributes = {
					CE541E0E19D65FA300434B6A = {
						DevelopmentTeam = 46W25C8KDG;
					};
				};
			};
			buildConfigurationList = CE541E0A19D65FA300434B6A /* Build configuration list for PBXProject "GoiCard" */;
			compatibilityVersion = "Xcode 3.2";
			developmentRegion = English;
			hasScannedForEncodings = 0;
			knownRegions = (
				en,
			);
			mainGroup = CE541E0619D65FA200434B6A;
			productRefGroup = CE541E1019D65FA300434B6A /* Products */;
			projectDirPath = "";
			projectRoot = "";
			targets = (
				CE541E0E19D65FA300434B6A /* GoiCard */,
				CE541E3419D65FA400434B6A /* GoiCardTests */,
			);
		};
/* End PBXProject section */

/* Begin PBXResourcesBuildPhase section */
		CE541E0D19D65FA300434B6A /* Resources */ = {
			isa = PBXResourcesBuildPhase;
			buildActionMask = 2147483647;
			files = (
				CE541E1D19D65FA300434B6A /* InfoPlist.strings in Resources */,
				CE2F242B1A31A2E4004CF8CA /* Images.xcassets in Resources */,
				CEAF51D819D951E8000CFCDF /* forget.png in Resources */,
				CEB8ED0219EF743F0015D054 /* ListWordViewController.xib in Resources */,
				CE541E2519D65FA300434B6A /* Default.png in Resources */,
				CEAF51DF19D955FF000CFCDF /* SettingViewController.xib in Resources */,
				CE2F24251A3192A0004CF8CA /* x-mark.png in Resources */,
				CEAF51E119D95906000CFCDF /* back.png in Resources */,
				CE541E2719D65FA300434B6A /* Default@2x.png in Resources */,
				CE541E2919D65FA300434B6A /* Default-568h@2x.png in Resources */,
				CE2F24271A319947004CF8CA /* flipBtn.png in Resources */,
				CE541E2F19D65FA300434B6A /* ViewController.xib in Resources */,
				CE541E5719D6615D00434B6A /* MainMenuViewController.xib in Resources */,
				CEAF51D619D94989000CFCDF /* StudyCardViewController.xib in Resources */,
				CEAF51DA19D95533000CFCDF /* setting.png in Resources */,
				CE2F24241A3192A0004CF8CA /* tick.png in Resources */,
				CE541E6C19D6663F00434B6A /* AddCardViewController.xib in Resources */,
				CEAF51D019D94519000CFCDF /* sc_flip.png in Resources */,
				CE2F24361A31A555004CF8CA /* TimeSettingViewController.xib in Resources */,
				CE28F5A719DE7CE400128817 /* card_database.sqlite in Resources */,
				CEAF51D119D94519000CFCDF /* sc_flip@2x.png in Resources */,
			);
			runOnlyForDeploymentPostprocessing = 0;
		};
		CE541E3219D65FA400434B6A /* Resources */ = {
			isa = PBXResourcesBuildPhase;
			buildActionMask = 2147483647;
			files = (
				CE541E4119D65FA400434B6A /* InfoPlist.strings in Resources */,
			);
			runOnlyForDeploymentPostprocessing = 0;
		};
/* End PBXResourcesBuildPhase section */

/* Begin PBXShellScriptBuildPhase section */
		CE541E3319D65FA400434B6A /* ShellScript */ = {
			isa = PBXShellScriptBuildPhase;
			buildActionMask = 2147483647;
			files = (
			);
			inputPaths = (
			);
			outputPaths = (
			);
			runOnlyForDeploymentPostprocessing = 0;
			shellPath = /bin/sh;
			shellScript = "# Run the unit tests in this test bundle.\n\"${SYSTEM_DEVELOPER_DIR}/Tools/RunUnitTests\"\n";
		};
/* End PBXShellScriptBuildPhase section */

/* Begin PBXSourcesBuildPhase section */
		CE541E0B19D65FA300434B6A /* Sources */ = {
			isa = PBXSourcesBuildPhase;
			buildActionMask = 2147483647;
			files = (
				CE541E1F19D65FA300434B6A /* main.m in Sources */,
				CE541E2319D65FA300434B6A /* AppDelegate.m in Sources */,
				CE541E2C19D65FA300434B6A /* ViewController.m in Sources */,
				CE541E5019D660C100434B6A /* Card.m in Sources */,
				CE541E5619D6615D00434B6A /* MainMenuViewController.m in Sources */,
				CEAF51DE19D955FF000CFCDF /* SettingViewController.m in Sources */,
				CE541E5B19D661AE00434B6A /* DBManager.m in Sources */,
				CEAF51D519D94989000CFCDF /* StudyCardViewController.m in Sources */,
				CEB8ED0119EF743F0015D054 /* ListWordViewController.m in Sources */,
				CE541E6B19D6663F00434B6A /* AddCardViewController.m in Sources */,
				CE2F24351A31A555004CF8CA /* TimeSettingViewController.m in Sources */,
			);
			runOnlyForDeploymentPostprocessing = 0;
		};
		CE541E3019D65FA400434B6A /* Sources */ = {
			isa = PBXSourcesBuildPhase;
			buildActionMask = 2147483647;
			files = (
				CE541E4419D65FA400434B6A /* GoiCardTests.m in Sources */,
			);
			runOnlyForDeploymentPostprocessing = 0;
		};
/* End PBXSourcesBuildPhase section */

/* Begin PBXTargetDependency section */
		CE541E3B19D65FA400434B6A /* PBXTargetDependency */ = {
			isa = PBXTargetDependency;
			target = CE541E0E19D65FA300434B6A /* GoiCard */;
			targetProxy = CE541E3A19D65FA400434B6A /* PBXContainerItemProxy */;
		};
/* End PBXTargetDependency section */

/* Begin PBXVariantGroup section */
		CE541E1B19D65FA300434B6A /* InfoPlist.strings */ = {
			isa = PBXVariantGroup;
			children = (
				CE541E1C19D65FA300434B6A /* en */,
			);
			name = InfoPlist.strings;
			sourceTree = "<group>";
		};
		CE541E2D19D65FA300434B6A /* ViewController.xib */ = {
			isa = PBXVariantGroup;
			children = (
				CE541E2E19D65FA300434B6A /* en */,
			);
			name = ViewController.xib;
			sourceTree = "<group>";
		};
		CE541E3F19D65FA400434B6A /* InfoPlist.strings */ = {
			isa = PBXVariantGroup;
			children = (
				CE541E4019D65FA400434B6A /* en */,
			);
			name = InfoPlist.strings;
			sourceTree = "<group>";
		};
/* End PBXVariantGroup section */

/* Begin XCBuildConfiguration section */
		CE541E4519D65FA400434B6A /* Debug */ = {
			isa = XCBuildConfiguration;
			buildSettings = {
				ALWAYS_SEARCH_USER_PATHS = NO;
				CLANG_CXX_LANGUAGE_STANDARD = "gnu++0x";
				CLANG_CXX_LIBRARY = "libc++";
				CLANG_ENABLE_OBJC_ARC = YES;
				CLANG_WARN_CONSTANT_CONVERSION = YES;
				CLANG_WARN_EMPTY_BODY = YES;
				CLANG_WARN_ENUM_CONVERSION = YES;
				CLANG_WARN_INT_CONVERSION = YES;
				CLANG_WARN__DUPLICATE_METHOD_MATCH = YES;
				"CODE_SIGN_IDENTITY[sdk=iphoneos*]" = "iPhone Developer";
				COPY_PHASE_STRIP = NO;
				GCC_C_LANGUAGE_STANDARD = gnu99;
				GCC_DYNAMIC_NO_PIC = NO;
				GCC_OPTIMIZATION_LEVEL = 0;
				GCC_PREPROCESSOR_DEFINITIONS = (
					"DEBUG=1",
					"$(inherited)",
				);
				GCC_SYMBOLS_PRIVATE_EXTERN = NO;
				GCC_WARN_ABOUT_RETURN_TYPE = YES;
				GCC_WARN_UNINITIALIZED_AUTOS = YES;
				GCC_WARN_UNUSED_VARIABLE = YES;
				IPHONEOS_DEPLOYMENT_TARGET = 6.1;
				ONLY_ACTIVE_ARCH = YES;
				SDKROOT = iphoneos;
			};
			name = Debug;
		};
		CE541E4619D65FA400434B6A /* Release */ = {
			isa = XCBuildConfiguration;
			buildSettings = {
				ALWAYS_SEARCH_USER_PATHS = NO;
				CLANG_CXX_LANGUAGE_STANDARD = "gnu++0x";
				CLANG_CXX_LIBRARY = "libc++";
				CLANG_ENABLE_OBJC_ARC = YES;
				CLANG_WARN_CONSTANT_CONVERSION = YES;
				CLANG_WARN_EMPTY_BODY = YES;
				CLANG_WARN_ENUM_CONVERSION = YES;
				CLANG_WARN_INT_CONVERSION = YES;
				CLANG_WARN__DUPLICATE_METHOD_MATCH = YES;
				"CODE_SIGN_IDENTITY[sdk=iphoneos*]" = "iPhone Developer";
				COPY_PHASE_STRIP = YES;
				GCC_C_LANGUAGE_STANDARD = gnu99;
				GCC_WARN_ABOUT_RETURN_TYPE = YES;
				GCC_WARN_UNINITIALIZED_AUTOS = YES;
				GCC_WARN_UNUSED_VARIABLE = YES;
				IPHONEOS_DEPLOYMENT_TARGET = 6.1;
				OTHER_CFLAGS = "-DNS_BLOCK_ASSERTIONS=1";
				SDKROOT = iphoneos;
				VALIDATE_PRODUCT = YES;
			};
			name = Release;
		};
		CE541E4819D65FA400434B6A /* Debug */ = {
			isa = XCBuildConfiguration;
			buildSettings = {
				ASSETCATALOG_COMPILER_APPICON_NAME = AppIcon;
				ASSETCATALOG_COMPILER_LAUNCHIMAGE_NAME = LaunchImage;
				CODE_SIGN_IDENTITY = "iPhone Developer";
				"CODE_SIGN_IDENTITY[sdk=iphoneos*]" = "iPhone Developer";
				GCC_PRECOMPILE_PREFIX_HEADER = YES;
				GCC_PREFIX_HEADER = "GoiCard/GoiCard-Prefix.pch";
				INFOPLIST_FILE = "GoiCard/GoiCard-Info.plist";
				PRODUCT_NAME = "$(TARGET_NAME)";
				PROVISIONING_PROFILE = "";
				WRAPPER_EXTENSION = app;
			};
			name = Debug;
		};
		CE541E4919D65FA400434B6A /* Release */ = {
			isa = XCBuildConfiguration;
			buildSettings = {
				ASSETCATALOG_COMPILER_APPICON_NAME = AppIcon;
				ASSETCATALOG_COMPILER_LAUNCHIMAGE_NAME = LaunchImage;
				CODE_SIGN_IDENTITY = "iPhone Developer";
				"CODE_SIGN_IDENTITY[sdk=iphoneos*]" = "iPhone Developer";
				GCC_PRECOMPILE_PREFIX_HEADER = YES;
				GCC_PREFIX_HEADER = "GoiCard/GoiCard-Prefix.pch";
				INFOPLIST_FILE = "GoiCard/GoiCard-Info.plist";
				PRODUCT_NAME = "$(TARGET_NAME)";
				PROVISIONING_PROFILE = "";
				WRAPPER_EXTENSION = app;
			};
			name = Release;
		};
		CE541E4B19D65FA400434B6A /* Debug */ = {
			isa = XCBuildConfiguration;
			buildSettings = {
				BUNDLE_LOADER = "$(BUILT_PRODUCTS_DIR)/GoiCard.app/GoiCard";
				FRAMEWORK_SEARCH_PATHS = (
					"\"$(SDKROOT)/Developer/Library/Frameworks\"",
					"\"$(DEVELOPER_LIBRARY_DIR)/Frameworks\"",
				);
				GCC_PRECOMPILE_PREFIX_HEADER = YES;
				GCC_PREFIX_HEADER = "GoiCard/GoiCard-Prefix.pch";
				INFOPLIST_FILE = "GoiCardTests/GoiCardTests-Info.plist";
				PRODUCT_NAME = "$(TARGET_NAME)";
				TEST_HOST = "$(BUNDLE_LOADER)";
				WRAPPER_EXTENSION = octest;
			};
			name = Debug;
		};
		CE541E4C19D65FA400434B6A /* Release */ = {
			isa = XCBuildConfiguration;
			buildSettings = {
				BUNDLE_LOADER = "$(BUILT_PRODUCTS_DIR)/GoiCard.app/GoiCard";
				FRAMEWORK_SEARCH_PATHS = (
					"\"$(SDKROOT)/Developer/Library/Frameworks\"",
					"\"$(DEVELOPER_LIBRARY_DIR)/Frameworks\"",
				);
				GCC_PRECOMPILE_PREFIX_HEADER = YES;
				GCC_PREFIX_HEADER = "GoiCard/GoiCard-Prefix.pch";
				INFOPLIST_FILE = "GoiCardTests/GoiCardTests-Info.plist";
				PRODUCT_NAME = "$(TARGET_NAME)";
				TEST_HOST = "$(BUNDLE_LOADER)";
				WRAPPER_EXTENSION = octest;
			};
			name = Release;
		};
/* End XCBuildConfiguration section */

/* Begin XCConfigurationList section */
		CE541E0A19D65FA300434B6A /* Build configuration list for PBXProject "GoiCard" */ = {
			isa = XCConfigurationList;
			buildConfigurations = (
				CE541E4519D65FA400434B6A /* Debug */,
				CE541E4619D65FA400434B6A /* Release */,
			);
			defaultConfigurationIsVisible = 0;
			defaultConfigurationName = Release;
		};
		CE541E4719D65FA400434B6A /* Build configuration list for PBXNativeTarget "GoiCard" */ = {
			isa = XCConfigurationList;
			buildConfigurations = (
				CE541E4819D65FA400434B6A /* Debug */,
				CE541E4919D65FA400434B6A /* Release */,
			);
			defaultConfigurationIsVisible = 0;
			defaultConfigurationName = Release;
		};
		CE541E4A19D65FA400434B6A /* Build configuration list for PBXNativeTarget "GoiCardTests" */ = {
			isa = XCConfigurationList;
			buildConfigurations = (
				CE541E4B19D65FA400434B6A /* Debug */,
				CE541E4C19D65FA400434B6A /* Release */,
			);
			defaultConfigurationIsVisible = 0;
			defaultConfigurationName = Release;
		};
/* End XCConfigurationList section */
	};
	rootObject = CE541E0719D65FA300434B6A /* Project object */;
}
